// !$*UTF8*$!
{
	archiveVersion = 1;
	classes = {
	};
	objectVersion = 51;
	objects = {

/* Begin PBXBuildFile section */
		03AC9D66267B0B130053096F /* AppFlow.swift in Sources */ = {isa = PBXBuildFile; fileRef = 03AC9D65267B0B130053096F /* AppFlow.swift */; };
		03AC9D68267B0B2D0053096F /* AppStepper.swift in Sources */ = {isa = PBXBuildFile; fileRef = 03AC9D67267B0B2D0053096F /* AppStepper.swift */; };
		03AC9D6A267B0B7A0053096F /* AppSteps.swift in Sources */ = {isa = PBXBuildFile; fileRef = 03AC9D69267B0B7A0053096F /* AppSteps.swift */; };
		03AC9D6C267B19550053096F /* MainFlow.swift in Sources */ = {isa = PBXBuildFile; fileRef = 03AC9D6B267B19550053096F /* MainFlow.swift */; };
		03BA68E82674F5B70072FA36 /* AppDelegate.swift in Sources */ = {isa = PBXBuildFile; fileRef = 03BA68E72674F5B70072FA36 /* AppDelegate.swift */; };
		03BA68EA2674F5B70072FA36 /* SceneDelegate.swift in Sources */ = {isa = PBXBuildFile; fileRef = 03BA68E92674F5B70072FA36 /* SceneDelegate.swift */; };
		03BA68EF2674F5B70072FA36 /* Main.storyboard in Resources */ = {isa = PBXBuildFile; fileRef = 03BA68ED2674F5B70072FA36 /* Main.storyboard */; };
		03BA68F12674F5B80072FA36 /* Assets.xcassets in Resources */ = {isa = PBXBuildFile; fileRef = 03BA68F02674F5B80072FA36 /* Assets.xcassets */; };
		03BA68F42674F5B80072FA36 /* LaunchScreen.storyboard in Resources */ = {isa = PBXBuildFile; fileRef = 03BA68F22674F5B80072FA36 /* LaunchScreen.storyboard */; };
		03BA69022674F6CF0072FA36 /* ArticleEntity.swift in Sources */ = {isa = PBXBuildFile; fileRef = 03BA69012674F6CF0072FA36 /* ArticleEntity.swift */; };
		03BA69042674F7D90072FA36 /* ArticleRepository.swift in Sources */ = {isa = PBXBuildFile; fileRef = 03BA69032674F7D90072FA36 /* ArticleRepository.swift */; };
		03BA69092674F96F0072FA36 /* Article.swift in Sources */ = {isa = PBXBuildFile; fileRef = 03BA69082674F96F0072FA36 /* Article.swift */; };
		03BA690B2674F9CD0072FA36 /* ArticleService.swift in Sources */ = {isa = PBXBuildFile; fileRef = 03BA690A2674F9CD0072FA36 /* ArticleService.swift */; };
		03BA690D267500230072FA36 /* ArticleViewModel.swift in Sources */ = {isa = PBXBuildFile; fileRef = 03BA690C267500230072FA36 /* ArticleViewModel.swift */; };
		03BA690F267501D40072FA36 /* MainViewController.swift in Sources */ = {isa = PBXBuildFile; fileRef = 03BA690E267501D40072FA36 /* MainViewController.swift */; };
		03BA691326761A490072FA36 /* DetailViewController.swift in Sources */ = {isa = PBXBuildFile; fileRef = 03BA691226761A490072FA36 /* DetailViewController.swift */; };
		03BA691526761A690072FA36 /* DetailViewModel.swift in Sources */ = {isa = PBXBuildFile; fileRef = 03BA691426761A690072FA36 /* DetailViewModel.swift */; };
		03BA69382679E3F50072FA36 /* Storyboarded.swift in Sources */ = {isa = PBXBuildFile; fileRef = 03BA69372679E3F50072FA36 /* Storyboarded.swift */; };
		03BA693E267ABB340072FA36 /* ViewModelBindable.swift in Sources */ = {isa = PBXBuildFile; fileRef = 03BA693D267ABB340072FA36 /* ViewModelBindable.swift */; };
		24345238267C298200E75EC6 /* ArticleCollectionViewCell.swift in Sources */ = {isa = PBXBuildFile; fileRef = 24345237267C298200E75EC6 /* ArticleCollectionViewCell.swift */; };
		E2D9A153602AAD8AABA87974 /* Pods_RC_RxFlow.framework in Frameworks */ = {isa = PBXBuildFile; fileRef = 7C22C4AF3AB6C2BE4F442AAA /* Pods_RC_RxFlow.framework */; };
/* End PBXBuildFile section */

/* Begin PBXFileReference section */
		03AC9D65267B0B130053096F /* AppFlow.swift */ = {isa = PBXFileReference; lastKnownFileType = sourcecode.swift; path = AppFlow.swift; sourceTree = "<group>"; };
		03AC9D67267B0B2D0053096F /* AppStepper.swift */ = {isa = PBXFileReference; lastKnownFileType = sourcecode.swift; path = AppStepper.swift; sourceTree = "<group>"; };
		03AC9D69267B0B7A0053096F /* AppSteps.swift */ = {isa = PBXFileReference; lastKnownFileType = sourcecode.swift; path = AppSteps.swift; sourceTree = "<group>"; };
		03AC9D6B267B19550053096F /* MainFlow.swift */ = {isa = PBXFileReference; lastKnownFileType = sourcecode.swift; path = MainFlow.swift; sourceTree = "<group>"; };
		03BA68E42674F5B70072FA36 /* RC_RxFlow.app */ = {isa = PBXFileReference; explicitFileType = wrapper.application; includeInIndex = 0; path = RC_RxFlow.app; sourceTree = BUILT_PRODUCTS_DIR; };
		03BA68E72674F5B70072FA36 /* AppDelegate.swift */ = {isa = PBXFileReference; lastKnownFileType = sourcecode.swift; path = AppDelegate.swift; sourceTree = "<group>"; };
		03BA68E92674F5B70072FA36 /* SceneDelegate.swift */ = {isa = PBXFileReference; lastKnownFileType = sourcecode.swift; path = SceneDelegate.swift; sourceTree = "<group>"; };
		03BA68EE2674F5B70072FA36 /* Base */ = {isa = PBXFileReference; lastKnownFileType = file.storyboard; name = Base; path = Base.lproj/Main.storyboard; sourceTree = "<group>"; };
		03BA68F02674F5B80072FA36 /* Assets.xcassets */ = {isa = PBXFileReference; lastKnownFileType = folder.assetcatalog; path = Assets.xcassets; sourceTree = "<group>"; };
		03BA68F32674F5B80072FA36 /* Base */ = {isa = PBXFileReference; lastKnownFileType = file.storyboard; name = Base; path = Base.lproj/LaunchScreen.storyboard; sourceTree = "<group>"; };
		03BA68F52674F5B80072FA36 /* Info.plist */ = {isa = PBXFileReference; lastKnownFileType = text.plist.xml; path = Info.plist; sourceTree = "<group>"; };
		03BA69012674F6CF0072FA36 /* ArticleEntity.swift */ = {isa = PBXFileReference; lastKnownFileType = sourcecode.swift; path = ArticleEntity.swift; sourceTree = "<group>"; };
		03BA69032674F7D90072FA36 /* ArticleRepository.swift */ = {isa = PBXFileReference; lastKnownFileType = sourcecode.swift; path = ArticleRepository.swift; sourceTree = "<group>"; };
		03BA69082674F96F0072FA36 /* Article.swift */ = {isa = PBXFileReference; lastKnownFileType = sourcecode.swift; path = Article.swift; sourceTree = "<group>"; };
		03BA690A2674F9CD0072FA36 /* ArticleService.swift */ = {isa = PBXFileReference; lastKnownFileType = sourcecode.swift; path = ArticleService.swift; sourceTree = "<group>"; };
		03BA690C267500230072FA36 /* ArticleViewModel.swift */ = {isa = PBXFileReference; lastKnownFileType = sourcecode.swift; path = ArticleViewModel.swift; sourceTree = "<group>"; };
		03BA690E267501D40072FA36 /* MainViewController.swift */ = {isa = PBXFileReference; lastKnownFileType = sourcecode.swift; path = MainViewController.swift; sourceTree = "<group>"; };
		03BA691226761A490072FA36 /* DetailViewController.swift */ = {isa = PBXFileReference; lastKnownFileType = sourcecode.swift; path = DetailViewController.swift; sourceTree = "<group>"; };
		03BA691426761A690072FA36 /* DetailViewModel.swift */ = {isa = PBXFileReference; lastKnownFileType = sourcecode.swift; path = DetailViewModel.swift; sourceTree = "<group>"; };
		03BA69372679E3F50072FA36 /* Storyboarded.swift */ = {isa = PBXFileReference; lastKnownFileType = sourcecode.swift; path = Storyboarded.swift; sourceTree = "<group>"; };
		03BA693D267ABB340072FA36 /* ViewModelBindable.swift */ = {isa = PBXFileReference; lastKnownFileType = sourcecode.swift; path = ViewModelBindable.swift; sourceTree = "<group>"; };
		24345237267C298200E75EC6 /* ArticleCollectionViewCell.swift */ = {isa = PBXFileReference; lastKnownFileType = sourcecode.swift; path = ArticleCollectionViewCell.swift; sourceTree = "<group>"; };
		336A7B9A0EB383C57EB8EAB9 /* Pods-RC_RxFlow.debug.xcconfig */ = {isa = PBXFileReference; includeInIndex = 1; lastKnownFileType = text.xcconfig; name = "Pods-RC_RxFlow.debug.xcconfig"; path = "Target Support Files/Pods-RC_RxFlow/Pods-RC_RxFlow.debug.xcconfig"; sourceTree = "<group>"; };
		7C22C4AF3AB6C2BE4F442AAA /* Pods_RC_RxFlow.framework */ = {isa = PBXFileReference; explicitFileType = wrapper.framework; includeInIndex = 0; path = Pods_RC_RxFlow.framework; sourceTree = BUILT_PRODUCTS_DIR; };
		7FD3AB228655645491F303F1 /* Pods-RC_RxFlow.release.xcconfig */ = {isa = PBXFileReference; includeInIndex = 1; lastKnownFileType = text.xcconfig; name = "Pods-RC_RxFlow.release.xcconfig"; path = "Target Support Files/Pods-RC_RxFlow/Pods-RC_RxFlow.release.xcconfig"; sourceTree = "<group>"; };
/* End PBXFileReference section */

/* Begin PBXFrameworksBuildPhase section */
		03BA68E12674F5B70072FA36 /* Frameworks */ = {
			isa = PBXFrameworksBuildPhase;
			buildActionMask = 2147483647;
			files = (
				E2D9A153602AAD8AABA87974 /* Pods_RC_RxFlow.framework in Frameworks */,
			);
			runOnlyForDeploymentPostprocessing = 0;
		};
/* End PBXFrameworksBuildPhase section */

/* Begin PBXGroup section */
		03BA68DB2674F5B70072FA36 = {
			isa = PBXGroup;
			children = (
				03BA68E62674F5B70072FA36 /* RC_RxFlow */,
				03BA68E52674F5B70072FA36 /* Products */,
				0AE07F3C1B8F66C6FAADFED6 /* Pods */,
				D7B29B08F8D439948701054F /* Frameworks */,
			);
			sourceTree = "<group>";
		};
		03BA68E52674F5B70072FA36 /* Products */ = {
			isa = PBXGroup;
			children = (
				03BA68E42674F5B70072FA36 /* RC_RxFlow.app */,
			);
			name = Products;
			sourceTree = "<group>";
		};
		03BA68E62674F5B70072FA36 /* RC_RxFlow */ = {
			isa = PBXGroup;
			children = (
				03BA6916267626580072FA36 /* Coordinator */,
				03BA68FB2674F6510072FA36 /* Entity */,
				03BA69002674F68A0072FA36 /* Repository */,
				03BA68FF2674F67B0072FA36 /* Model */,
				03BA69052674F9110072FA36 /* Service */,
				03BA68FE2674F6740072FA36 /* ViewModel */,
				03BA68FD2674F66D0072FA36 /* ViewController */,
				03BA68FC2674F6630072FA36 /* View */,
				03BA68F02674F5B80072FA36 /* Assets.xcassets */,
				03BA68F52674F5B80072FA36 /* Info.plist */,
			);
			path = RC_RxFlow;
			sourceTree = "<group>";
		};
		03BA68FB2674F6510072FA36 /* Entity */ = {
			isa = PBXGroup;
			children = (
				03BA69012674F6CF0072FA36 /* ArticleEntity.swift */,
			);
			path = Entity;
			sourceTree = "<group>";
		};
		03BA68FC2674F6630072FA36 /* View */ = {
			isa = PBXGroup;
			children = (
				24345237267C298200E75EC6 /* ArticleCollectionViewCell.swift */,
			);
			path = View;
			sourceTree = "<group>";
		};
		03BA68FD2674F66D0072FA36 /* ViewController */ = {
			isa = PBXGroup;
			children = (
				03BA693D267ABB340072FA36 /* ViewModelBindable.swift */,
				03BA690E267501D40072FA36 /* MainViewController.swift */,
				03BA691226761A490072FA36 /* DetailViewController.swift */,
				03BA68ED2674F5B70072FA36 /* Main.storyboard */,
				03BA68F22674F5B80072FA36 /* LaunchScreen.storyboard */,
			);
			path = ViewController;
			sourceTree = "<group>";
		};
		03BA68FE2674F6740072FA36 /* ViewModel */ = {
			isa = PBXGroup;
			children = (
				03BA690C267500230072FA36 /* ArticleViewModel.swift */,
				03BA691426761A690072FA36 /* DetailViewModel.swift */,
			);
			path = ViewModel;
			sourceTree = "<group>";
		};
		03BA68FF2674F67B0072FA36 /* Model */ = {
			isa = PBXGroup;
			children = (
				03BA69082674F96F0072FA36 /* Article.swift */,
			);
			path = Model;
			sourceTree = "<group>";
		};
		03BA69002674F68A0072FA36 /* Repository */ = {
			isa = PBXGroup;
			children = (
				03BA69032674F7D90072FA36 /* ArticleRepository.swift */,
			);
			path = Repository;
			sourceTree = "<group>";
		};
		03BA69052674F9110072FA36 /* Service */ = {
			isa = PBXGroup;
			children = (
				03BA690A2674F9CD0072FA36 /* ArticleService.swift */,
			);
			path = Service;
			sourceTree = "<group>";
		};
		03BA6916267626580072FA36 /* Coordinator */ = {
			isa = PBXGroup;
			children = (
				03BA69372679E3F50072FA36 /* Storyboarded.swift */,
				03AC9D65267B0B130053096F /* AppFlow.swift */,
				03AC9D6B267B19550053096F /* MainFlow.swift */,
				03AC9D67267B0B2D0053096F /* AppStepper.swift */,
				03AC9D69267B0B7A0053096F /* AppSteps.swift */,
				03BA68E72674F5B70072FA36 /* AppDelegate.swift */,
				03BA68E92674F5B70072FA36 /* SceneDelegate.swift */,
			);
			path = Coordinator;
			sourceTree = "<group>";
		};
		0AE07F3C1B8F66C6FAADFED6 /* Pods */ = {
			isa = PBXGroup;
			children = (
				336A7B9A0EB383C57EB8EAB9 /* Pods-RC_RxFlow.debug.xcconfig */,
				7FD3AB228655645491F303F1 /* Pods-RC_RxFlow.release.xcconfig */,
			);
			path = Pods;
			sourceTree = "<group>";
		};
		D7B29B08F8D439948701054F /* Frameworks */ = {
			isa = PBXGroup;
			children = (
				7C22C4AF3AB6C2BE4F442AAA /* Pods_RC_RxFlow.framework */,
			);
			name = Frameworks;
			sourceTree = "<group>";
		};
/* End PBXGroup section */

/* Begin PBXNativeTarget section */
		03BA68E32674F5B70072FA36 /* RC_RxFlow */ = {
			isa = PBXNativeTarget;
			buildConfigurationList = 03BA68F82674F5B80072FA36 /* Build configuration list for PBXNativeTarget "RC_RxFlow" */;
			buildPhases = (
				51130D33BCDAE979DC54C967 /* [CP] Check Pods Manifest.lock */,
				03BA68E02674F5B70072FA36 /* Sources */,
				03BA68E12674F5B70072FA36 /* Frameworks */,
				03BA68E22674F5B70072FA36 /* Resources */,
				7E1FC8185DCDF34D7BC410DA /* [CP] Embed Pods Frameworks */,
			);
			buildRules = (
			);
			dependencies = (
			);
			name = RC_RxFlow;
			productName = RC_RxFlow;
			productReference = 03BA68E42674F5B70072FA36 /* RC_RxFlow.app */;
			productType = "com.apple.product-type.application";
		};
/* End PBXNativeTarget section */

/* Begin PBXProject section */
		03BA68DC2674F5B70072FA36 /* Project object */ = {
			isa = PBXProject;
			attributes = {
				LastSwiftUpdateCheck = 1250;
				LastUpgradeCheck = 1250;
				TargetAttributes = {
					03BA68E32674F5B70072FA36 = {
						CreatedOnToolsVersion = 12.5;
					};
				};
			};
			buildConfigurationList = 03BA68DF2674F5B70072FA36 /* Build configuration list for PBXProject "RC_RxFlow" */;
			compatibilityVersion = "Xcode 9.3";
			developmentRegion = en;
			hasScannedForEncodings = 0;
			knownRegions = (
				en,
				Base,
			);
			mainGroup = 03BA68DB2674F5B70072FA36;
			productRefGroup = 03BA68E52674F5B70072FA36 /* Products */;
			projectDirPath = "";
			projectRoot = "";
			targets = (
				03BA68E32674F5B70072FA36 /* RC_RxFlow */,
			);
		};
/* End PBXProject section */

/* Begin PBXResourcesBuildPhase section */
		03BA68E22674F5B70072FA36 /* Resources */ = {
			isa = PBXResourcesBuildPhase;
			buildActionMask = 2147483647;
			files = (
				03BA68F42674F5B80072FA36 /* LaunchScreen.storyboard in Resources */,
				03BA68F12674F5B80072FA36 /* Assets.xcassets in Resources */,
				03BA68EF2674F5B70072FA36 /* Main.storyboard in Resources */,
			);
			runOnlyForDeploymentPostprocessing = 0;
		};
/* End PBXResourcesBuildPhase section */

/* Begin PBXShellScriptBuildPhase section */
		51130D33BCDAE979DC54C967 /* [CP] Check Pods Manifest.lock */ = {
			isa = PBXShellScriptBuildPhase;
			buildActionMask = 2147483647;
			files = (
			);
			inputFileListPaths = (
			);
			inputPaths = (
				"${PODS_PODFILE_DIR_PATH}/Podfile.lock",
				"${PODS_ROOT}/Manifest.lock",
			);
			name = "[CP] Check Pods Manifest.lock";
			outputFileListPaths = (
			);
			outputPaths = (
				"$(DERIVED_FILE_DIR)/Pods-RC_RxFlow-checkManifestLockResult.txt",
			);
			runOnlyForDeploymentPostprocessing = 0;
			shellPath = /bin/sh;
			shellScript = "diff \"${PODS_PODFILE_DIR_PATH}/Podfile.lock\" \"${PODS_ROOT}/Manifest.lock\" > /dev/null\nif [ $? != 0 ] ; then\n    # print error to STDERR\n    echo \"error: The sandbox is not in sync with the Podfile.lock. Run 'pod install' or update your CocoaPods installation.\" >&2\n    exit 1\nfi\n# This output is used by Xcode 'outputs' to avoid re-running this script phase.\necho \"SUCCESS\" > \"${SCRIPT_OUTPUT_FILE_0}\"\n";
			showEnvVarsInLog = 0;
		};
		7E1FC8185DCDF34D7BC410DA /* [CP] Embed Pods Frameworks */ = {
			isa = PBXShellScriptBuildPhase;
			buildActionMask = 2147483647;
			files = (
			);
			inputFileListPaths = (
				"${PODS_ROOT}/Target Support Files/Pods-RC_RxFlow/Pods-RC_RxFlow-frameworks-${CONFIGURATION}-input-files.xcfilelist",
			);
			name = "[CP] Embed Pods Frameworks";
			outputFileListPaths = (
				"${PODS_ROOT}/Target Support Files/Pods-RC_RxFlow/Pods-RC_RxFlow-frameworks-${CONFIGURATION}-output-files.xcfilelist",
			);
			runOnlyForDeploymentPostprocessing = 0;
			shellPath = /bin/sh;
			shellScript = "\"${PODS_ROOT}/Target Support Files/Pods-RC_RxFlow/Pods-RC_RxFlow-frameworks.sh\"\n";
			showEnvVarsInLog = 0;
		};
/* End PBXShellScriptBuildPhase section */

/* Begin PBXSourcesBuildPhase section */
		03BA68E02674F5B70072FA36 /* Sources */ = {
			isa = PBXSourcesBuildPhase;
			buildActionMask = 2147483647;
			files = (
				24345238267C298200E75EC6 /* ArticleCollectionViewCell.swift in Sources */,
				03BA690D267500230072FA36 /* ArticleViewModel.swift in Sources */,
				03AC9D6A267B0B7A0053096F /* AppSteps.swift in Sources */,
				03BA68E82674F5B70072FA36 /* AppDelegate.swift in Sources */,
				03BA693E267ABB340072FA36 /* ViewModelBindable.swift in Sources */,
				03BA69092674F96F0072FA36 /* Article.swift in Sources */,
				03BA690B2674F9CD0072FA36 /* ArticleService.swift in Sources */,
				03BA68EA2674F5B70072FA36 /* SceneDelegate.swift in Sources */,
				03BA69022674F6CF0072FA36 /* ArticleEntity.swift in Sources */,
				03BA691326761A490072FA36 /* DetailViewController.swift in Sources */,
				03BA69042674F7D90072FA36 /* ArticleRepository.swift in Sources */,
				03BA691526761A690072FA36 /* DetailViewModel.swift in Sources */,
				03BA690F267501D40072FA36 /* MainViewController.swift in Sources */,
				03BA69382679E3F50072FA36 /* Storyboarded.swift in Sources */,
				03AC9D6C267B19550053096F /* MainFlow.swift in Sources */,
				03AC9D66267B0B130053096F /* AppFlow.swift in Sources */,
				03AC9D68267B0B2D0053096F /* AppStepper.swift in Sources */,
			);
			runOnlyForDeploymentPostprocessing = 0;
		};
/* End PBXSourcesBuildPhase section */

/* Begin PBXVariantGroup section */
		03BA68ED2674F5B70072FA36 /* Main.storyboard */ = {
			isa = PBXVariantGroup;
			children = (
				03BA68EE2674F5B70072FA36 /* Base */,
			);
			name = Main.storyboard;
			sourceTree = "<group>";
		};
		03BA68F22674F5B80072FA36 /* LaunchScreen.storyboard */ = {
			isa = PBXVariantGroup;
			children = (
				03BA68F32674F5B80072FA36 /* Base */,
			);
			name = LaunchScreen.storyboard;
			sourceTree = "<group>";
		};
/* End PBXVariantGroup section */

/* Begin XCBuildConfiguration section */
		03BA68F62674F5B80072FA36 /* Debug */ = {
			isa = XCBuildConfiguration;
			buildSettings = {
				ALWAYS_SEARCH_USER_PATHS = NO;
				CLANG_ANALYZER_NONNULL = YES;
				CLANG_ANALYZER_NUMBER_OBJECT_CONVERSION = YES_AGGRESSIVE;
				CLANG_CXX_LANGUAGE_STANDARD = "gnu++14";
				CLANG_CXX_LIBRARY = "libc++";
				CLANG_ENABLE_MODULES = YES;
				CLANG_ENABLE_OBJC_ARC = YES;
				CLANG_ENABLE_OBJC_WEAK = YES;
				CLANG_WARN_BLOCK_CAPTURE_AUTORELEASING = YES;
				CLANG_WARN_BOOL_CONVERSION = YES;
				CLANG_WARN_COMMA = YES;
				CLANG_WARN_CONSTANT_CONVERSION = YES;
				CLANG_WARN_DEPRECATED_OBJC_IMPLEMENTATIONS = YES;
				CLANG_WARN_DIRECT_OBJC_ISA_USAGE = YES_ERROR;
				CLANG_WARN_DOCUMENTATION_COMMENTS = YES;
				CLANG_WARN_EMPTY_BODY = YES;
				CLANG_WARN_ENUM_CONVERSION = YES;
				CLANG_WARN_INFINITE_RECURSION = YES;
				CLANG_WARN_INT_CONVERSION = YES;
				CLANG_WARN_NON_LITERAL_NULL_CONVERSION = YES;
				CLANG_WARN_OBJC_IMPLICIT_RETAIN_SELF = YES;
				CLANG_WARN_OBJC_LITERAL_CONVERSION = YES;
				CLANG_WARN_OBJC_ROOT_CLASS = YES_ERROR;
				CLANG_WARN_QUOTED_INCLUDE_IN_FRAMEWORK_HEADER = YES;
				CLANG_WARN_RANGE_LOOP_ANALYSIS = YES;
				CLANG_WARN_STRICT_PROTOTYPES = YES;
				CLANG_WARN_SUSPICIOUS_MOVE = YES;
				CLANG_WARN_UNGUARDED_AVAILABILITY = YES_AGGRESSIVE;
				CLANG_WARN_UNREACHABLE_CODE = YES;
				CLANG_WARN__DUPLICATE_METHOD_MATCH = YES;
				COPY_PHASE_STRIP = NO;
				DEBUG_INFORMATION_FORMAT = dwarf;
				ENABLE_STRICT_OBJC_MSGSEND = YES;
				ENABLE_TESTABILITY = YES;
				GCC_C_LANGUAGE_STANDARD = gnu11;
				GCC_DYNAMIC_NO_PIC = NO;
				GCC_NO_COMMON_BLOCKS = YES;
				GCC_OPTIMIZATION_LEVEL = 0;
				GCC_PREPROCESSOR_DEFINITIONS = (
					"DEBUG=1",
					"$(inherited)",
				);
				GCC_WARN_64_TO_32_BIT_CONVERSION = YES;
				GCC_WARN_ABOUT_RETURN_TYPE = YES_ERROR;
				GCC_WARN_UNDECLARED_SELECTOR = YES;
				GCC_WARN_UNINITIALIZED_AUTOS = YES_AGGRESSIVE;
				GCC_WARN_UNUSED_FUNCTION = YES;
				GCC_WARN_UNUSED_VARIABLE = YES;
				IPHONEOS_DEPLOYMENT_TARGET = 14.5;
				MTL_ENABLE_DEBUG_INFO = INCLUDE_SOURCE;
				MTL_FAST_MATH = YES;
				ONLY_ACTIVE_ARCH = YES;
				SDKROOT = iphoneos;
				SWIFT_ACTIVE_COMPILATION_CONDITIONS = DEBUG;
				SWIFT_OPTIMIZATION_LEVEL = "-Onone";
			};
			name = Debug;
		};
		03BA68F72674F5B80072FA36 /* Release */ = {
			isa = XCBuildConfiguration;
			buildSettings = {
				ALWAYS_SEARCH_USER_PATHS = NO;
				CLANG_ANALYZER_NONNULL = YES;
				CLANG_ANALYZER_NUMBER_OBJECT_CONVERSION = YES_AGGRESSIVE;
				CLANG_CXX_LANGUAGE_STANDARD = "gnu++14";
				CLANG_CXX_LIBRARY = "libc++";
				CLANG_ENABLE_MODULES = YES;
				CLANG_ENABLE_OBJC_ARC = YES;
				CLANG_ENABLE_OBJC_WEAK = YES;
				CLANG_WARN_BLOCK_CAPTURE_AUTORELEASING = YES;
				CLANG_WARN_BOOL_CONVERSION = YES;
				CLANG_WARN_COMMA = YES;
				CLANG_WARN_CONSTANT_CONVERSION = YES;
				CLANG_WARN_DEPRECATED_OBJC_IMPLEMENTATIONS = YES;
				CLANG_WARN_DIRECT_OBJC_ISA_USAGE = YES_ERROR;
				CLANG_WARN_DOCUMENTATION_COMMENTS = YES;
				CLANG_WARN_EMPTY_BODY = YES;
				CLANG_WARN_ENUM_CONVERSION = YES;
				CLANG_WARN_INFINITE_RECURSION = YES;
				CLANG_WARN_INT_CONVERSION = YES;
				CLANG_WARN_NON_LITERAL_NULL_CONVERSION = YES;
				CLANG_WARN_OBJC_IMPLICIT_RETAIN_SELF = YES;
				CLANG_WARN_OBJC_LITERAL_CONVERSION = YES;
				CLANG_WARN_OBJC_ROOT_CLASS = YES_ERROR;
				CLANG_WARN_QUOTED_INCLUDE_IN_FRAMEWORK_HEADER = YES;
				CLANG_WARN_RANGE_LOOP_ANALYSIS = YES;
				CLANG_WARN_STRICT_PROTOTYPES = YES;
				CLANG_WARN_SUSPICIOUS_MOVE = YES;
				CLANG_WARN_UNGUARDED_AVAILABILITY = YES_AGGRESSIVE;
				CLANG_WARN_UNREACHABLE_CODE = YES;
				CLANG_WARN__DUPLICATE_METHOD_MATCH = YES;
				COPY_PHASE_STRIP = NO;
				DEBUG_INFORMATION_FORMAT = "dwarf-with-dsym";
				ENABLE_NS_ASSERTIONS = NO;
				ENABLE_STRICT_OBJC_MSGSEND = YES;
				GCC_C_LANGUAGE_STANDARD = gnu11;
				GCC_NO_COMMON_BLOCKS = YES;
				GCC_WARN_64_TO_32_BIT_CONVERSION = YES;
				GCC_WARN_ABOUT_RETURN_TYPE = YES_ERROR;
				GCC_WARN_UNDECLARED_SELECTOR = YES;
				GCC_WARN_UNINITIALIZED_AUTOS = YES_AGGRESSIVE;
				GCC_WARN_UNUSED_FUNCTION = YES;
				GCC_WARN_UNUSED_VARIABLE = YES;
				IPHONEOS_DEPLOYMENT_TARGET = 14.5;
				MTL_ENABLE_DEBUG_INFO = NO;
				MTL_FAST_MATH = YES;
				SDKROOT = iphoneos;
				SWIFT_COMPILATION_MODE = wholemodule;
				SWIFT_OPTIMIZATION_LEVEL = "-O";
				VALIDATE_PRODUCT = YES;
			};
			name = Release;
		};
		03BA68F92674F5B80072FA36 /* Debug */ = {
			isa = XCBuildConfiguration;
			baseConfigurationReference = 336A7B9A0EB383C57EB8EAB9 /* Pods-RC_RxFlow.debug.xcconfig */;
			buildSettings = {
				ASSETCATALOG_COMPILER_APPICON_NAME = AppIcon;
				ASSETCATALOG_COMPILER_GLOBAL_ACCENT_COLOR_NAME = AccentColor;
				CODE_SIGN_STYLE = Automatic;
				DEVELOPMENT_TEAM = MBAJ2NCPU9;
				INFOPLIST_FILE = RC_RxFlow/Info.plist;
				IPHONEOS_DEPLOYMENT_TARGET = 14.1;
				LD_RUNPATH_SEARCH_PATHS = (
					"$(inherited)",
					"@executable_path/Frameworks",
				);
				PRODUCT_BUNDLE_IDENTIFIER = "com.DeveloperPaul.RC-RxFlow";
				PRODUCT_NAME = "$(TARGET_NAME)";
				SWIFT_VERSION = 5.0;
				TARGETED_DEVICE_FAMILY = "1,2";
			};
			name = Debug;
		};
		03BA68FA2674F5B80072FA36 /* Release */ = {
			isa = XCBuildConfiguration;
			baseConfigurationReference = 7FD3AB228655645491F303F1 /* Pods-RC_RxFlow.release.xcconfig */;
			buildSettings = {
				ASSETCATALOG_COMPILER_APPICON_NAME = AppIcon;
				ASSETCATALOG_COMPILER_GLOBAL_ACCENT_COLOR_NAME = AccentColor;
				CODE_SIGN_STYLE = Automatic;
				DEVELOPMENT_TEAM = MBAJ2NCPU9;
				INFOPLIST_FILE = RC_RxFlow/Info.plist;
				IPHONEOS_DEPLOYMENT_TARGET = 14.1;
				LD_RUNPATH_SEARCH_PATHS = (
					"$(inherited)",
					"@executable_path/Frameworks",
				);
				PRODUCT_BUNDLE_IDENTIFIER = "com.DeveloperPaul.RC-RxFlow";
				PRODUCT_NAME = "$(TARGET_NAME)";
				SWIFT_VERSION = 5.0;
				TARGETED_DEVICE_FAMILY = "1,2";
			};
			name = Release;
		};
/* End XCBuildConfiguration section */

/* Begin XCConfigurationList section */
		03BA68DF2674F5B70072FA36 /* Build configuration list for PBXProject "RC_RxFlow" */ = {
			isa = XCConfigurationList;
			buildConfigurations = (
				03BA68F62674F5B80072FA36 /* Debug */,
				03BA68F72674F5B80072FA36 /* Release */,
			);
			defaultConfigurationIsVisible = 0;
			defaultConfigurationName = Release;
		};
		03BA68F82674F5B80072FA36 /* Build configuration list for PBXNativeTarget "RC_RxFlow" */ = {
			isa = XCConfigurationList;
			buildConfigurations = (
				03BA68F92674F5B80072FA36 /* Debug */,
				03BA68FA2674F5B80072FA36 /* Release */,
			);
			defaultConfigurationIsVisible = 0;
			defaultConfigurationName = Release;
		};
/* End XCConfigurationList section */
	};
	rootObject = 03BA68DC2674F5B70072FA36 /* Project object */;
}
